<?xml version="1.0" encoding="utf-8"?>
<Project ToolsVersion="4.0" xmlns="http://schemas.microsoft.com/developer/msbuild/2003">
  <ItemGroup>
    <Filter Include="Source Files">
      <UniqueIdentifier>{4FC737F1-C7A5-4376-A066-2A32D752A2FF}</UniqueIdentifier>
      <Extensions>cpp;c;cc;cxx;def;odl;idl;hpj;bat;asm;asmx</Extensions>
    </Filter>
    <Filter Include="Header Files">
      <UniqueIdentifier>{93995380-89BD-4b04-88EB-625FBE52EBFB}</UniqueIdentifier>
      <Extensions>h;hpp;hxx;hm;inl;inc;xsd</Extensions>
    </Filter>
    <Filter Include="Resource Files">
      <UniqueIdentifier>{67DA6AB6-F800-4c08-8B7A-83BB121AAD01}</UniqueIdentifier>
      <Extensions>rc;ico;cur;bmp;dlg;rc2;rct;bin;rgs;gif;jpg;jpeg;jpe;resx;tiff;tif;png;wav</Extensions>
    </Filter>
    <Filter Include="WinampSDK">
      <UniqueIdentifier>{2810f3a2-6ba4-4dc8-8a7b-4d271cc52431}</UniqueIdentifier>
    </Filter>
  </ItemGroup>
  <ItemGroup>
    <ClCompile Include="aboutDlg.cpp">
      <Filter>Source Files</Filter>
    </ClCompile>
    <ClCompile Include="configDlg.cpp">
      <Filter>Source Files</Filter>
    </ClCompile>
    <ClCompile Include="dllmain.cpp">
      <Filter>Source Files</Filter>
    </ClCompile>
    <ClCompile Include="in_sidplay2.cpp">
      <Filter>Source Files</Filter>
    </ClCompile>
    <ClCompile Include="infoDlg.cpp">
      <Filter>Source Files</Filter>
    </ClCompile>
    <ClCompile Include="stdafx.cpp">
      <Filter>Source Files</Filter>
    </ClCompile>
    <ClCompile Include="ThreadSidPlayer.cpp">
      <Filter>Source Files</Filter>
    </ClCompile>
    <ClCompile Include="StilBlock.cpp">
      <Filter>Source Files</Filter>
    </ClCompile>
    <ClCompile Include="helpers.cpp">
      <Filter>Source Files</Filter>
    </ClCompile>
  </ItemGroup>
  <ItemGroup>
    <ClInclude Include="aboutDlg.h">
      <Filter>Header Files</Filter>
    </ClInclude>
    <ClInclude Include="configDlg.h">
      <Filter>Header Files</Filter>
    </ClInclude>
    <ClInclude Include="infoDlg.h">
      <Filter>Header Files</Filter>
    </ClInclude>
    <ClInclude Include="resource.h">
      <Filter>Header Files</Filter>
    </ClInclude>
    <ClInclude Include="stdafx.h">
      <Filter>Header Files</Filter>
    </ClInclude>
    <ClInclude Include="targetver.h">
      <Filter>Header Files</Filter>
    </ClInclude>
    <ClInclude Include="ThreadSidPlayer.h">
      <Filter>Header Files</Filter>
    </ClInclude>
    <ClInclude Include="typesdefs.h">
      <Filter>Header Files</Filter>
    </ClInclude>
    <ClInclude Include="IN2.H">
      <Filter>WinampSDK</Filter>
    </ClInclude>
    <ClInclude Include="ipc_pe.h">
      <Filter>WinampSDK</Filter>
    </ClInclude>
    <ClInclude Include="OUT.H">
      <Filter>WinampSDK</Filter>
    </ClInclude>
    <ClInclude Include="wa_ipc.h">
      <Filter>WinampSDK</Filter>
    </ClInclude>
    <ClInclude Include="c64roms.h">
      <Filter>Header Files</Filter>
    </ClInclude>
    <ClInclude Include="StilBlock.h">
      <Filter>Header Files</Filter>
    </ClInclude>
    <ClInclude Include="helpers.h">
      <Filter>Header Files</Filter>
    </ClInclude>
  </ItemGroup>
  <ItemGroup>
    <ResourceCompile Include="in_sidplay2.rc">
      <Filter>Resource Files</Filter>
    </ResourceCompile>
  </ItemGroup>
</Project>