<?xml version="1.0" encoding="utf-8"?>
<Project ToolsVersion="4.0" xmlns="http://schemas.microsoft.com/developer/msbuild/2003">
  <ItemGroup>
    <Text Include="ReadMe.txt" />
  </ItemGroup>
  <ItemGroup>
    <Filter Include="resid-fp-builder">
      <UniqueIdentifier>{8e970942-8e80-4ab4-a0ed-193dd6034861}</UniqueIdentifier>
    </Filter>
    <Filter Include="resid-fp-builder\residfp">
      <UniqueIdentifier>{c1f942a9-0de3-4aa6-b062-af28edde34ef}</UniqueIdentifier>
    </Filter>
    <Filter Include="c64">
      <UniqueIdentifier>{d9bc1c45-4cdb-4fc2-913c-b3834a0b4b3a}</UniqueIdentifier>
    </Filter>
    <Filter Include="c64\Banks">
      <UniqueIdentifier>{35ce8807-1bdf-4bfb-a2e8-06ae3cb9af18}</UniqueIdentifier>
    </Filter>
    <Filter Include="c64\CIA">
      <UniqueIdentifier>{abe2aca7-5bb1-45ae-99d4-b5235f2ba6ab}</UniqueIdentifier>
    </Filter>
    <Filter Include="c64\CPU">
      <UniqueIdentifier>{af830d59-2a72-4168-beeb-20d4945aa74d}</UniqueIdentifier>
    </Filter>
    <Filter Include="c64\VIC_II">
      <UniqueIdentifier>{ae5b8319-d8de-491f-ab17-5df13434d1b2}</UniqueIdentifier>
    </Filter>
    <Filter Include="sidplayfp">
      <UniqueIdentifier>{a5df1212-fe13-4b2b-9b12-605ac3493b7e}</UniqueIdentifier>
    </Filter>
    <Filter Include="sidtune">
      <UniqueIdentifier>{b0a9d55a-9a83-4c41-b723-4ca570e3ce9b}</UniqueIdentifier>
    </Filter>
    <Filter Include="utils">
      <UniqueIdentifier>{44b0e60f-1d82-4872-b426-0e8aa115cd6d}</UniqueIdentifier>
    </Filter>
    <Filter Include="utils\MD5">
      <UniqueIdentifier>{d8c1e05e-f981-4944-807d-40f6a5504e06}</UniqueIdentifier>
    </Filter>
    <Filter Include="utils\STILview">
      <UniqueIdentifier>{d56e79ed-6afa-4a75-854d-c46c7f604ae0}</UniqueIdentifier>
    </Filter>
    <Filter Include="resid-fp-builder\residfp\resample">
      <UniqueIdentifier>{2959953d-b3ca-40f1-bb0f-10bdf63eb9af}</UniqueIdentifier>
    </Filter>
    <Filter Include="utils\ini">
      <UniqueIdentifier>{fdff18f3-73c5-4d64-b09f-9fa486011f97}</UniqueIdentifier>
    </Filter>
  </ItemGroup>
  <ItemGroup>
    <ClInclude Include="..\src\builders\residfp-builder\residfp.h">
      <Filter>resid-fp-builder</Filter>
    </ClInclude>
    <ClInclude Include="..\src\builders\residfp-builder\residfp-emu.h">
      <Filter>resid-fp-builder</Filter>
    </ClInclude>
    <ClInclude Include="..\src\builders\residfp-builder\residfp\array.h">
      <Filter>resid-fp-builder\residfp</Filter>
    </ClInclude>
    <ClInclude Include="..\src\builders\residfp-builder\residfp\Dac.h">
      <Filter>resid-fp-builder\residfp</Filter>
    </ClInclude>
    <ClInclude Include="..\src\builders\residfp-builder\residfp\EnvelopeGenerator.h">
      <Filter>resid-fp-builder\residfp</Filter>
    </ClInclude>
    <ClInclude Include="..\src\builders\residfp-builder\residfp\ExternalFilter.h">
      <Filter>resid-fp-builder\residfp</Filter>
    </ClInclude>
    <ClInclude Include="..\src\builders\residfp-builder\residfp\Filter.h">
      <Filter>resid-fp-builder\residfp</Filter>
    </ClInclude>
    <ClInclude Include="..\src\builders\residfp-builder\residfp\Filter6581.h">
      <Filter>resid-fp-builder\residfp</Filter>
    </ClInclude>
    <ClInclude Include="..\src\builders\residfp-builder\residfp\Filter8580.h">
      <Filter>resid-fp-builder\residfp</Filter>
    </ClInclude>
    <ClInclude Include="..\src\builders\residfp-builder\residfp\FilterModelConfig.h">
      <Filter>resid-fp-builder\residfp</Filter>
    </ClInclude>
    <ClInclude Include="..\src\builders\residfp-builder\residfp\Integrator.h">
      <Filter>resid-fp-builder\residfp</Filter>
    </ClInclude>
    <ClInclude Include="..\src\builders\residfp-builder\residfp\OpAmp.h">
      <Filter>resid-fp-builder\residfp</Filter>
    </ClInclude>
    <ClInclude Include="..\src\builders\residfp-builder\residfp\Potentiometer.h">
      <Filter>resid-fp-builder\residfp</Filter>
    </ClInclude>
    <ClInclude Include="..\src\builders\residfp-builder\residfp\SID.h">
      <Filter>resid-fp-builder\residfp</Filter>
    </ClInclude>
    <ClInclude Include="..\src\builders\residfp-builder\residfp\Spline.h">
      <Filter>resid-fp-builder\residfp</Filter>
    </ClInclude>
    <ClInclude Include="..\src\builders\residfp-builder\residfp\Voice.h">
      <Filter>resid-fp-builder\residfp</Filter>
    </ClInclude>
    <ClInclude Include="..\src\builders\residfp-builder\residfp\WaveformCalculator.h">
      <Filter>resid-fp-builder\residfp</Filter>
    </ClInclude>
    <ClInclude Include="..\src\builders\residfp-builder\residfp\WaveformGenerator.h">
      <Filter>resid-fp-builder\residfp</Filter>
    </ClInclude>
    <ClInclude Include="..\src\Event.h" />
    <ClInclude Include="..\src\EventCallback.h" />
    <ClInclude Include="..\src\EventScheduler.h" />
    <ClInclude Include="..\src\mixer.h" />
    <ClInclude Include="..\src\player.h" />
    <ClInclude Include="..\src\psiddrv.h" />
    <ClInclude Include="..\src\reloc65.h" />
    <ClInclude Include="..\src\romCheck.h" />
    <ClInclude Include="..\src\sidcxx11.h" />
    <ClInclude Include="..\src\sidemu.h" />
    <ClInclude Include="..\src\sidendian.h" />
    <ClInclude Include="..\src\SidInfoImpl.h" />
    <ClInclude Include="..\src\sidmd5.h" />
    <ClInclude Include="..\src\sidmemory.h" />
    <ClInclude Include="..\src\stringutils.h" />
    <ClInclude Include="..\src\builders\residfp-builder\residfp\siddefs-fp.h">
      <Filter>resid-fp-builder\residfp</Filter>
    </ClInclude>
    <ClInclude Include="config.h" />
    <ClInclude Include="..\src\c64\c64.h">
      <Filter>c64</Filter>
    </ClInclude>
    <ClInclude Include="..\src\c64\c64cia.h">
      <Filter>c64</Filter>
    </ClInclude>
    <ClInclude Include="..\src\c64\c64cpu.h">
      <Filter>c64</Filter>
    </ClInclude>
    <ClInclude Include="..\src\c64\c64env.h">
      <Filter>c64</Filter>
    </ClInclude>
    <ClInclude Include="..\src\c64\c64sid.h">
      <Filter>c64</Filter>
    </ClInclude>
    <ClInclude Include="..\src\c64\c64vic.h">
      <Filter>c64</Filter>
    </ClInclude>
    <ClInclude Include="..\src\c64\mmu.h">
      <Filter>c64</Filter>
    </ClInclude>
    <ClInclude Include="..\src\c64\Banks\Bank.h">
      <Filter>c64\Banks</Filter>
    </ClInclude>
    <ClInclude Include="..\src\c64\Banks\ColorRAMBank.h">
      <Filter>c64\Banks</Filter>
    </ClInclude>
    <ClInclude Include="..\src\c64\Banks\DisconnectedBusBank.h">
      <Filter>c64\Banks</Filter>
    </ClInclude>
    <ClInclude Include="..\src\c64\Banks\ExtraSidBank.h">
      <Filter>c64\Banks</Filter>
    </ClInclude>
    <ClInclude Include="..\src\c64\Banks\IOBank.h">
      <Filter>c64\Banks</Filter>
    </ClInclude>
    <ClInclude Include="..\src\c64\Banks\NullSid.h">
      <Filter>c64\Banks</Filter>
    </ClInclude>
    <ClInclude Include="..\src\c64\Banks\SidBank.h">
      <Filter>c64\Banks</Filter>
    </ClInclude>
    <ClInclude Include="..\src\c64\Banks\SystemRAMBank.h">
      <Filter>c64\Banks</Filter>
    </ClInclude>
    <ClInclude Include="..\src\c64\Banks\SystemROMBanks.h">
      <Filter>c64\Banks</Filter>
    </ClInclude>
    <ClInclude Include="..\src\c64\Banks\ZeroRAMBank.h">
      <Filter>c64\Banks</Filter>
    </ClInclude>
    <ClInclude Include="..\src\c64\CIA\interrupt.h">
      <Filter>c64\CIA</Filter>
    </ClInclude>
    <ClInclude Include="..\src\c64\CIA\mos6526.h">
      <Filter>c64\CIA</Filter>
    </ClInclude>
    <ClInclude Include="..\src\c64\CIA\SerialPort.h">
      <Filter>c64\CIA</Filter>
    </ClInclude>
    <ClInclude Include="..\src\c64\CIA\timer.h">
      <Filter>c64\CIA</Filter>
    </ClInclude>
    <ClInclude Include="..\src\c64\CIA\tod.h">
      <Filter>c64\CIA</Filter>
    </ClInclude>
    <ClInclude Include="..\src\c64\CPU\flags.h">
      <Filter>c64\CPU</Filter>
    </ClInclude>
    <ClInclude Include="..\src\c64\CPU\mos6510.h">
      <Filter>c64\CPU</Filter>
    </ClInclude>
    <ClInclude Include="..\src\c64\CPU\mos6510debug.h">
      <Filter>c64\CPU</Filter>
    </ClInclude>
    <ClInclude Include="..\src\c64\CPU\opcodes.h">
      <Filter>c64\CPU</Filter>
    </ClInclude>
    <ClInclude Include="..\src\c64\VIC_II\lightpen.h">
      <Filter>c64\VIC_II</Filter>
    </ClInclude>
    <ClInclude Include="..\src\c64\VIC_II\mos656x.h">
      <Filter>c64\VIC_II</Filter>
    </ClInclude>
    <ClInclude Include="..\src\c64\VIC_II\sprites.h">
      <Filter>c64\VIC_II</Filter>
    </ClInclude>
    <ClInclude Include="..\src\sidplayfp\sidbuilder.h">
      <Filter>sidplayfp</Filter>
    </ClInclude>
    <ClInclude Include="..\src\sidplayfp\SidConfig.h">
      <Filter>sidplayfp</Filter>
    </ClInclude>
    <ClInclude Include="..\src\sidplayfp\siddefs.h">
      <Filter>sidplayfp</Filter>
    </ClInclude>
    <ClInclude Include="..\src\sidplayfp\SidInfo.h">
      <Filter>sidplayfp</Filter>
    </ClInclude>
    <ClInclude Include="..\src\sidplayfp\sidplayfp.h">
      <Filter>sidplayfp</Filter>
    </ClInclude>
    <ClInclude Include="..\src\sidplayfp\SidTune.h">
      <Filter>sidplayfp</Filter>
    </ClInclude>
    <ClInclude Include="..\src\sidplayfp\SidTuneInfo.h">
      <Filter>sidplayfp</Filter>
    </ClInclude>
    <ClInclude Include="..\src\sidtune\MUS.h">
      <Filter>sidtune</Filter>
    </ClInclude>
    <ClInclude Include="..\src\sidtune\p00.h">
      <Filter>sidtune</Filter>
    </ClInclude>
    <ClInclude Include="..\src\sidtune\prg.h">
      <Filter>sidtune</Filter>
    </ClInclude>
    <ClInclude Include="..\src\sidtune\PSID.h">
      <Filter>sidtune</Filter>
    </ClInclude>
    <ClInclude Include="..\src\sidtune\SidTuneBase.h">
      <Filter>sidtune</Filter>
    </ClInclude>
    <ClInclude Include="..\src\sidtune\SidTuneCfg.h">
      <Filter>sidtune</Filter>
    </ClInclude>
    <ClInclude Include="..\src\sidtune\SidTuneInfoImpl.h">
      <Filter>sidtune</Filter>
    </ClInclude>
    <ClInclude Include="..\src\sidtune\SidTuneTools.h">
      <Filter>sidtune</Filter>
    </ClInclude>
    <ClInclude Include="..\src\sidtune\SmartPtr.h">
      <Filter>sidtune</Filter>
    </ClInclude>
    <ClInclude Include="..\src\utils\iMd5.h">
      <Filter>utils</Filter>
    </ClInclude>
    <ClInclude Include="..\src\utils\iniParser.h">
      <Filter>utils</Filter>
    </ClInclude>
    <ClInclude Include="..\src\utils\md5Factory.h">
      <Filter>utils</Filter>
    </ClInclude>
    <ClInclude Include="..\src\utils\md5Gcrypt.h">
      <Filter>utils</Filter>
    </ClInclude>
    <ClInclude Include="..\src\utils\md5Internal.h">
      <Filter>utils</Filter>
    </ClInclude>
    <ClInclude Include="..\src\utils\SidDatabase.h">
      <Filter>utils</Filter>
    </ClInclude>
    <ClInclude Include="..\src\utils\MD5\MD5.h">
      <Filter>utils\MD5</Filter>
    </ClInclude>
    <ClInclude Include="..\src\utils\MD5\MD5_Defs.h">
      <Filter>utils\MD5</Filter>
    </ClInclude>
    <ClInclude Include="..\src\utils\STILview\stil.h">
      <Filter>utils\STILview</Filter>
    </ClInclude>
    <ClInclude Include="..\src\utils\STILview\stildefs.h">
      <Filter>utils\STILview</Filter>
    </ClInclude>
    <ClInclude Include="..\src\builders\residfp-builder\residfp\resample\Resampler.h">
      <Filter>resid-fp-builder\residfp\resample</Filter>
    </ClInclude>
    <ClInclude Include="..\src\builders\residfp-builder\residfp\resample\SincResampler.h">
      <Filter>resid-fp-builder\residfp\resample</Filter>
    </ClInclude>
    <ClInclude Include="..\src\builders\residfp-builder\residfp\resample\TwoPassSincResampler.h">
      <Filter>resid-fp-builder\residfp\resample</Filter>
    </ClInclude>
    <ClInclude Include="..\src\builders\residfp-builder\residfp\resample\ZeroOrderResampler.h">
      <Filter>resid-fp-builder\residfp\resample</Filter>
    </ClInclude>
    <ClInclude Include="..\src\sidtune\SidTuneMod.h">
      <Filter>sidtune</Filter>
    </ClInclude>
    <ClInclude Include="..\src\utils\libini.h">
      <Filter>utils</Filter>
    </ClInclude>
    <ClInclude Include="..\src\utils\ini\headings.h">
      <Filter>utils\ini</Filter>
    </ClInclude>
    <ClInclude Include="..\src\utils\ini\ini.h">
      <Filter>utils\ini</Filter>
    </ClInclude>
    <ClInclude Include="..\src\utils\ini\keys.h">
      <Filter>utils\ini</Filter>
    </ClInclude>
    <ClInclude Include="..\src\utils\ini\list.h">
      <Filter>utils\ini</Filter>
    </ClInclude>
  </ItemGroup>
  <ItemGroup>
    <ClCompile Include="..\src\builders\residfp-builder\residfp-builder.cpp">
      <Filter>resid-fp-builder</Filter>
    </ClCompile>
    <ClCompile Include="..\src\builders\residfp-builder\residfp-emu.cpp">
      <Filter>resid-fp-builder</Filter>
    </ClCompile>
    <ClCompile Include="..\src\builders\residfp-builder\residfp\Dac.cpp">
      <Filter>resid-fp-builder\residfp</Filter>
    </ClCompile>
    <ClCompile Include="..\src\builders\residfp-builder\residfp\EnvelopeGenerator.cpp">
      <Filter>resid-fp-builder\residfp</Filter>
    </ClCompile>
    <ClCompile Include="..\src\builders\residfp-builder\residfp\ExternalFilter.cpp">
      <Filter>resid-fp-builder\residfp</Filter>
    </ClCompile>
    <ClCompile Include="..\src\builders\residfp-builder\residfp\Filter.cpp">
      <Filter>resid-fp-builder\residfp</Filter>
    </ClCompile>
    <ClCompile Include="..\src\builders\residfp-builder\residfp\Filter6581.cpp">
      <Filter>resid-fp-builder\residfp</Filter>
    </ClCompile>
    <ClCompile Include="..\src\builders\residfp-builder\residfp\Filter8580.cpp">
      <Filter>resid-fp-builder\residfp</Filter>
    </ClCompile>
    <ClCompile Include="..\src\builders\residfp-builder\residfp\FilterModelConfig.cpp">
      <Filter>resid-fp-builder\residfp</Filter>
    </ClCompile>
    <ClCompile Include="..\src\builders\residfp-builder\residfp\Integrator.cpp">
      <Filter>resid-fp-builder\residfp</Filter>
    </ClCompile>
    <ClCompile Include="..\src\builders\residfp-builder\residfp\OpAmp.cpp">
      <Filter>resid-fp-builder\residfp</Filter>
    </ClCompile>
    <ClCompile Include="..\src\builders\residfp-builder\residfp\SID.cpp">
      <Filter>resid-fp-builder\residfp</Filter>
    </ClCompile>
    <ClCompile Include="..\src\builders\residfp-builder\residfp\Spline.cpp">
      <Filter>resid-fp-builder\residfp</Filter>
    </ClCompile>
    <ClCompile Include="..\src\builders\residfp-builder\residfp\version.cc">
      <Filter>resid-fp-builder\residfp</Filter>
    </ClCompile>
    <ClCompile Include="..\src\builders\residfp-builder\residfp\WaveformCalculator.cpp">
      <Filter>resid-fp-builder\residfp</Filter>
    </ClCompile>
    <ClCompile Include="..\src\builders\residfp-builder\residfp\WaveformGenerator.cpp">
      <Filter>resid-fp-builder\residfp</Filter>
    </ClCompile>
    <ClCompile Include="..\src\EventScheduler.cpp" />
    <ClCompile Include="..\src\mixer.cpp" />
    <ClCompile Include="..\src\player.cpp" />
    <ClCompile Include="..\src\psiddrv.cpp" />
    <ClCompile Include="..\src\reloc65.cpp" />
    <ClCompile Include="..\src\sidemu.cpp" />
    <ClCompile Include="..\src\c64\c64.cpp">
      <Filter>c64</Filter>
    </ClCompile>
    <ClCompile Include="..\src\c64\mmu.cpp">
      <Filter>c64</Filter>
    </ClCompile>
    <ClCompile Include="..\src\c64\CIA\mos6526.cpp">
      <Filter>c64\CIA</Filter>
    </ClCompile>
    <ClCompile Include="..\src\c64\CIA\timer.cpp">
      <Filter>c64\CIA</Filter>
    </ClCompile>
    <ClCompile Include="..\src\c64\CIA\tod.cpp">
      <Filter>c64\CIA</Filter>
    </ClCompile>
    <ClCompile Include="..\src\c64\CPU\mos6510.cpp">
      <Filter>c64\CPU</Filter>
    </ClCompile>
    <ClCompile Include="..\src\c64\CPU\mos6510debug.cpp">
      <Filter>c64\CPU</Filter>
    </ClCompile>
    <ClCompile Include="..\src\c64\VIC_II\mos656x.cpp">
      <Filter>c64\VIC_II</Filter>
    </ClCompile>
    <ClCompile Include="..\src\sidplayfp\sidbuilder.cpp">
      <Filter>sidplayfp</Filter>
    </ClCompile>
    <ClCompile Include="..\src\sidplayfp\SidConfig.cpp">
      <Filter>sidplayfp</Filter>
    </ClCompile>
    <ClCompile Include="..\src\sidplayfp\SidInfo.cpp">
      <Filter>sidplayfp</Filter>
    </ClCompile>
    <ClCompile Include="..\src\sidplayfp\sidplayfp.cpp">
      <Filter>sidplayfp</Filter>
    </ClCompile>
    <ClCompile Include="..\src\sidplayfp\SidTune.cpp">
      <Filter>sidplayfp</Filter>
    </ClCompile>
    <ClCompile Include="..\src\sidplayfp\SidTuneInfo.cpp">
      <Filter>sidplayfp</Filter>
    </ClCompile>
    <ClCompile Include="..\src\sidtune\MUS.cpp">
      <Filter>sidtune</Filter>
    </ClCompile>
    <ClCompile Include="..\src\sidtune\p00.cpp">
      <Filter>sidtune</Filter>
    </ClCompile>
    <ClCompile Include="..\src\sidtune\prg.cpp">
      <Filter>sidtune</Filter>
    </ClCompile>
    <ClCompile Include="..\src\sidtune\PSID.cpp">
      <Filter>sidtune</Filter>
    </ClCompile>
    <ClCompile Include="..\src\sidtune\SidTuneBase.cpp">
      <Filter>sidtune</Filter>
    </ClCompile>
    <ClCompile Include="..\src\sidtune\SidTuneTools.cpp">
      <Filter>sidtune</Filter>
    </ClCompile>
    <ClCompile Include="..\src\utils\iniParser.cpp">
      <Filter>utils</Filter>
    </ClCompile>
    <ClCompile Include="..\src\utils\md5Factory.cpp">
      <Filter>utils</Filter>
    </ClCompile>
    <ClCompile Include="..\src\utils\SidDatabase.cpp">
      <Filter>utils</Filter>
    </ClCompile>
    <ClCompile Include="..\src\utils\MD5\MD5.cpp">
      <Filter>utils\MD5</Filter>
    </ClCompile>
    <ClCompile Include="..\src\utils\STILview\stil.cpp">
      <Filter>utils\STILview</Filter>
    </ClCompile>
    <ClCompile Include="..\src\builders\residfp-builder\residfp\resample\SincResampler.cpp">
      <Filter>resid-fp-builder\residfp\resample</Filter>
    </ClCompile>
    <ClCompile Include="..\src\sidtune\SidTuneMod.cpp">
      <Filter>sidtune</Filter>
    </ClCompile>
    <ClCompile Include="..\src\utils\ini\ini.cpp">
      <Filter>utils\ini</Filter>
    </ClCompile>
  </ItemGroup>
</Project>